
Microsoft Visual Studio Solution File, Format Version 12.00
# Visual Studio Version 16
VisualStudioVersion = 16.0.30002.166
MinimumVisualStudioVersion = 10.0.40219.1
Project("{8BC9CEB8-8B4A-11D0-8D11-00A0C91BC942}") = "CST-136-Midterm", "CST-136-Midterm.vcxproj", "{3C13176B-4D67-4DB5-803F-4AE219A4F111}"
EndProject
Global
	GlobalSection(SolutionConfigurationPlatforms) = preSolution
		Debug|x64 = Debug|x64
		Debug|x86 = Debug|x86
		Release|x64 = Release|x64
		Release|x86 = Release|x86
	EndGlobalSection
	GlobalSection(ProjectConfigurationPlatforms) = postSolution
		{3C13176B-4D67-4DB5-803F-4AE219A4F111}.Debug|x64.ActiveCfg = Debug|x64
		{3C13176B-4D67-4DB5-803F-4AE219A4F111}.Debug|x64.Build.0 = Debug|x64
		{3C13176B-4D67-4DB5-803F-4AE219A4F111}.Debug|x86.ActiveCfg = Debug|Win32
		{3C13176B-4D67-4DB5-803F-4AE219A4F111}.Debug|x86.Build.0 = Debug|Win32
		{3C13176B-4D67-4DB5-803F-4AE219A4F111}.Release|x64.ActiveCfg = Release|x64
		{3C13176B-4D67-4DB5-803F-4AE219A4F111}.Release|x64.Build.0 = Release|x64
		{3C13176B-4D67-4DB5-803F-4AE219A4F111}.Release|x86.ActiveCfg = Release|Win32
		{3C13176B-4D67-4DB5-803F-4AE219A4F111}.Release|x86.Build.0 = Release|Win32
	EndGlobalSection
	GlobalSection(SolutionProperties) = preSolution
		HideSolutionNode = FALSE
	EndGlobalSection
	GlobalSection(ExtensibilityGlobals) = postSolution
		SolutionGuid = {29F7E928-EA39-45AE-8F9B-4E8EE56235A4}
	EndGlobalSection
EndGlobal
